# This file is automatically @generated by Cargo.
# It is not intended for manual editing.
version = 3

[[package]]
name = "add_one"
version = "0.1.0"

[[package]]
name = "adder"
version = "0.1.0"
dependencies = [
 "add_one",
 "closure",
 "evaluate_max_num",
 "lifecycle",
 "smart_point",
 "struct_t",
]

[[package]]
name = "closure"
version = "0.1.0"

[[package]]
name = "evaluate_max_num"
version = "0.1.0"

[[package]]
name = "lifecycle"
version = "0.1.0"

[[package]]
name = "smart_point"
version = "0.1.0"

[[package]]
name = "struct_t"
version = "0.1.0"
